# THIS IS AN AUTOGENERATED FILE. DO NOT EDIT THIS FILE DIRECTLY.
# yarn lockfile v1


foreach@^2.0.4:
  version "2.0.6"
  resolved "https://registry.yarnpkg.com/foreach/-/foreach-2.0.6.tgz#87bcc8a1a0e74000ff2bf9802110708cfb02eb6e"
  integrity sha512-k6GAGDyqLe9JaebCsFCoudPPWfihKu8pylYXRlqP1J7ms39iPoTtk2fviNglIeQEwdh0bQeKJ01ZPyuyQvKzwg==

json-pointer@^0.6.2:
  version "0.6.2"
  resolved "https://registry.yarnpkg.com/json-pointer/-/json-pointer-0.6.2.tgz#f97bd7550be5e9ea901f8c9264c9d436a22a93cd"
  integrity sha512-vLWcKbOaXlO+jvRy4qNd+TI1QUPZzfJj1tpJ3vAXDych5XJf93ftpUKe5pKCrzyIIwgBJcOcCVRUfqQP25afBw==
  dependencies:
    foreach "^2.0.4"

jsonata@^2.0.3:
  version "2.0.3"
  resolved "https://registry.yarnpkg.com/jsonata/-/jsonata-2.0.3.tgz#f8971c2891cb1d6ebfeecbfe657ecc38c1b843a5"
  integrity sha512-Up2H81MUtjqI/dWwWX7p4+bUMfMrQJVMN/jW6clFMTiYP528fBOBNtRu944QhKTs3+IsVWbgMeUTny5fw2VMUA==

lodash@^4.17.21:
  version "4.17.21"
  resolved "https://registry.yarnpkg.com/lodash/-/lodash-4.17.21.tgz#679591c564c3bffaae8454cf0b3df370c3d6911c"
  integrity sha512-v2kDEe57lecTulaDIuNTPy3Ry4gLGJ6Z1O3vE1krgXZNrsQ+LFTGHVxVjcXPs17LhbZVGedAJv8XZ1tvj5FvSg==
